lockfileVersion: 5.3

specifiers:
  cnd: 9.2.2
  deasync: 0.1.23
  intertype: 7.6.7
  letsfreezethat: ^3.1.0

dependencies:
  cnd: 9.2.2
  intertype: 7.6.7
  letsfreezethat: 3.1.0

devDependencies:
  deasync: 0.1.23

packages:

  /bindings/1.5.0:
    resolution: {integrity: sha512-p2q/t/mhvuOj/UeLlV6566GD/guowlr0hHxClI0W9m7MWYkL1F0hLo+0Aexs9HSPCtR1SXQ0TD3MMKrXZajbiQ==}
    dependencies:
      file-uri-to-path: 1.0.0
    dev: true

  /cnd/9.2.2:
    resolution: {integrity: sha512-F+/H+7luk4fZkvN0+MT0I2nwn80YM/EtfMttNUFxENR50XJH4g0KgQevzeyEJ8B6t6l8Tb4Xti6QAksa8DmePA==}
    hasBin: true
    dependencies:
      jsx-number-format: 0.1.4
    dev: false

  /deasync/0.1.23:
    resolution: {integrity: sha512-CGZSokFwidI50GOAmkz/7z3QdMzTQqAiUOzt95PuhKgi6VVztn9D03ZCzzi93uUWlp/v6A9osvNWpIvqHvKjTA==}
    engines: {node: '>=0.11.0'}
    requiresBuild: true
    dependencies:
      bindings: 1.5.0
      node-addon-api: 1.7.2
    dev: true

  /file-uri-to-path/1.0.0:
    resolution: {integrity: sha512-0Zt+s3L7Vf1biwWZ29aARiVYLx7iMGnEUl9x33fbB/j3jR81u/O2LbqK+Bm1CDSNDKVtJ/YjwY7TUd5SkeLQLw==}
    dev: true

  /intertype/7.6.7:
    resolution: {integrity: sha512-vBgYabqxX3fLa9f0Z3QeXgYszadAGdAHXdLcdQc5ZxZSG5CmbJCdYcudZLYtgmNo8epQag8zzyg7wwx+OD5J8g==}
    dependencies:
      multimix: 5.0.0
    dev: false

  /jsx-number-format/0.1.4:
    resolution: {integrity: sha512-uPc/Q90XqZoRE7Cu1OLFQB2cSrA2Dy8+okzPOtML8vbagNFDSipbndIPme+q0odBjEhL+wf3WH3Wo52was4Tsg==}
    dev: false

  /letsfreezethat/3.1.0:
    resolution: {integrity: sha512-jJ1nvvQi6unW0WifjNPMIb64Byom0EXzSKWFYA++EpyjK3qv1J2pqeSoEJ61tGJoNG0GoNjPoeLYhxW16riZaA==}
    dev: false

  /multimix/5.0.0:
    resolution: {integrity: sha512-N9cdGSDDD7kxOV7R6e4iZqsHTZ4F4iiSDWqMcVqx4gEH6HBtRXav39Gj3fgT1YqvBcwPCQuf0Oa5R2cDaLWK8A==}
    dev: false

  /node-addon-api/1.7.2:
    resolution: {integrity: sha512-ibPK3iA+vaY1eEjESkQkM0BbCqFOaZMiXRTtdB0u7b4djtY6JnsjvPdUHVMg6xQt3B8fpTTWHI9A+ADjM9frzg==}
    dev: true
